
Microsoft Visual Studio Solution File, Format Version 12.00
# Visual Studio Version 17
VisualStudioVersion = 17.3.32819.101
MinimumVisualStudioVersion = 10.0.40219.1
Project("{9A19103F-16F7-4668-BE54-9A1E7A4F7556}") = "testmaterialdesign", "testmaterialdesign\testmaterialdesign.csproj", "{4097E268-179B-4A5B-AA6C-A4F76D3BE166}"
EndProject
Global
	GlobalSection(SolutionConfigurationPlatforms) = preSolution
		Debug|Any CPU = Debug|Any CPU
		Release|Any CPU = Release|Any CPU
	EndGlobalSection
	GlobalSection(ProjectConfigurationPlatforms) = postSolution
		{4097E268-179B-4A5B-AA6C-A4F76D3BE166}.Debug|Any CPU.ActiveCfg = Debug|Any CPU
		{4097E268-179B-4A5B-AA6C-A4F76D3BE166}.Debug|Any CPU.Build.0 = Debug|Any CPU
		{4097E268-179B-4A5B-AA6C-A4F76D3BE166}.Release|Any CPU.ActiveCfg = Release|Any CPU
		{4097E268-179B-4A5B-AA6C-A4F76D3BE166}.Release|Any CPU.Build.0 = Release|Any CPU
	EndGlobalSection
	GlobalSection(SolutionProperties) = preSolution
		HideSolutionNode = FALSE
	EndGlobalSection
	GlobalSection(ExtensibilityGlobals) = postSolution
		SolutionGuid = {83BB577E-27F2-47B0-9433-17D10A802397}
	EndGlobalSection
EndGlobal
